{
	"name": "magicmirror-fonts",
	"lockfileVersion": 2,
	"requires": true,
	"packages": {
		"": {
			"name": "magicmirror-fonts",
			"license": "MIT",
			"dependencies": {
				"@fontsource/roboto": "^5.0.14",
				"@fontsource/roboto-condensed": "^4.5.8"
			}
		},
		"node_modules/@fontsource/roboto": {
			"version": "5.0.14",
			"resolved": "https://registry.npmjs.org/@fontsource/roboto/-/roboto-5.0.14.tgz",
			"integrity": "sha512-zHAxlTTm9RuRn9/StwclFJChf3z9+fBrOxC3fw71htjHP1BgXNISwRjdJtAKAmMe5S2BzgpnjkQR93P9EZYI/Q=="
		},
		"node_modules/@fontsource/roboto-condensed": {
			"version": "4.5.8",
			"resolved": "https://registry.npmjs.org/@fontsource/roboto-condensed/-/roboto-condensed-4.5.8.tgz",
			"integrity": "sha512-HCuf1rVSOsXnl/KgHNRLCr8XS/Dunzn10BjhliJiEZ5qPynXCWH4RRBFupIODHamhj2Uyp/iZkSQp574luKp6A=="
		}
	},
	"dependencies": {
		"@fontsource/roboto": {
			"version": "5.0.14",
			"resolved": "https://registry.npmjs.org/@fontsource/roboto/-/roboto-5.0.14.tgz",
			"integrity": "sha512-zHAxlTTm9RuRn9/StwclFJChf3z9+fBrOxC3fw71htjHP1BgXNISwRjdJtAKAmMe5S2BzgpnjkQR93P9EZYI/Q=="
		},
		"@fontsource/roboto-condensed": {
			"version": "4.5.8",
			"resolved": "https://registry.npmjs.org/@fontsource/roboto-condensed/-/roboto-condensed-4.5.8.tgz",
			"integrity": "sha512-HCuf1rVSOsXnl/KgHNRLCr8XS/Dunzn10BjhliJiEZ5qPynXCWH4RRBFupIODHamhj2Uyp/iZkSQp574luKp6A=="
		}
	}
}
